
Microsoft Visual Studio Solution File, Format Version 12.00
# Visual Studio Version 16
VisualStudioVersion = 16.0.29215.179
MinimumVisualStudioVersion = 10.0.40219.1
Project("{8BC9CEB8-8B4A-11D0-8D11-00A0C91BC942}") = "Project2", "Project2\Project2.vcxproj", "{853A29AE-86C3-4AB6-AF87-A8D9F420A5DD}"
EndProject
Global
	GlobalSection(SolutionConfigurationPlatforms) = preSolution
		Debug|x64 = Debug|x64
		Debug|x86 = Debug|x86
		Release|x64 = Release|x64
		Release|x86 = Release|x86
	EndGlobalSection
	GlobalSection(ProjectConfigurationPlatforms) = postSolution
		{853A29AE-86C3-4AB6-AF87-A8D9F420A5DD}.Debug|x64.ActiveCfg = Debug|x64
		{853A29AE-86C3-4AB6-AF87-A8D9F420A5DD}.Debug|x64.Build.0 = Debug|x64
		{853A29AE-86C3-4AB6-AF87-A8D9F420A5DD}.Debug|x86.ActiveCfg = Debug|Win32
		{853A29AE-86C3-4AB6-AF87-A8D9F420A5DD}.Debug|x86.Build.0 = Debug|Win32
		{853A29AE-86C3-4AB6-AF87-A8D9F420A5DD}.Release|x64.ActiveCfg = Release|x64
		{853A29AE-86C3-4AB6-AF87-A8D9F420A5DD}.Release|x64.Build.0 = Release|x64
		{853A29AE-86C3-4AB6-AF87-A8D9F420A5DD}.Release|x86.ActiveCfg = Release|Win32
		{853A29AE-86C3-4AB6-AF87-A8D9F420A5DD}.Release|x86.Build.0 = Release|Win32
	EndGlobalSection
	GlobalSection(SolutionProperties) = preSolution
		HideSolutionNode = FALSE
	EndGlobalSection
	GlobalSection(ExtensibilityGlobals) = postSolution
		SolutionGuid = {93EF298D-5273-4334-ADE2-5A79B3DA5827}
	EndGlobalSection
EndGlobal
